<?xml version="1.0" encoding="utf-8"?>
<Project ToolsVersion="4.0" xmlns="http://schemas.microsoft.com/developer/msbuild/2003">
  <ItemGroup>
    <Filter Include="源文件">
      <UniqueIdentifier>{4FC737F1-C7A5-4376-A066-2A32D752A2FF}</UniqueIdentifier>
      <Extensions>cpp;c;cc;cxx;def;odl;idl;hpj;bat;asm;asmx</Extensions>
    </Filter>
    <Filter Include="头文件">
      <UniqueIdentifier>{93995380-89BD-4b04-88EB-625FBE52EBFB}</UniqueIdentifier>
      <Extensions>h;hh;hpp;hxx;hm;inl;inc;ipp;xsd</Extensions>
    </Filter>
    <Filter Include="资源文件">
      <UniqueIdentifier>{67DA6AB6-F800-4c08-8B7A-83BB121AAD01}</UniqueIdentifier>
      <Extensions>rc;ico;cur;bmp;dlg;rc2;rct;bin;rgs;gif;jpg;jpeg;jpe;resx;tiff;tif;png;wav;mfcribbon-ms</Extensions>
    </Filter>
    <Filter Include="源文件\src">
      <UniqueIdentifier>{d392c89d-7f71-4b98-8402-3d53883bcb26}</UniqueIdentifier>
    </Filter>
  </ItemGroup>
  <ItemGroup>
    <ClCompile Include="cppwebserver.cpp">
      <Filter>源文件</Filter>
    </ClCompile>
    <ClCompile Include="httpheader.cpp">
      <Filter>源文件</Filter>
    </ClCompile>
    <ClCompile Include="HttpMSG.cpp">
      <Filter>源文件</Filter>
    </ClCompile>
    <ClCompile Include="HttpRequest.cpp">
      <Filter>源文件</Filter>
    </ClCompile>
    <ClCompile Include="HttpResponse.cpp">
      <Filter>源文件</Filter>
    </ClCompile>
    <ClCompile Include="HttpTemplate.cpp">
      <Filter>源文件</Filter>
    </ClCompile>
    <ClCompile Include="DefaultProcessor.cpp">
      <Filter>源文件</Filter>
    </ClCompile>
    <ClCompile Include="BaseController.cpp">
      <Filter>源文件</Filter>
    </ClCompile>
    <ClCompile Include="Controller.cpp">
      <Filter>源文件\src</Filter>
    </ClCompile>
    <ClCompile Include="demo.cpp">
      <Filter>源文件\src</Filter>
    </ClCompile>
    <ClCompile Include="base64.cpp">
      <Filter>源文件</Filter>
    </ClCompile>
    <ClCompile Include="fcgi.cpp">
      <Filter>源文件</Filter>
    </ClCompile>
    <ClCompile Include="config.cpp">
      <Filter>源文件</Filter>
    </ClCompile>
    <ClCompile Include="iocp_webserver.cpp">
      <Filter>源文件</Filter>
    </ClCompile>
  </ItemGroup>
  <ItemGroup>
    <ClInclude Include="myhttp.h">
      <Filter>头文件</Filter>
    </ClInclude>
    <ClInclude Include="processor.h">
      <Filter>头文件</Filter>
    </ClInclude>
    <ClInclude Include="Controller.h">
      <Filter>头文件</Filter>
    </ClInclude>
    <ClInclude Include="demo.h">
      <Filter>头文件</Filter>
    </ClInclude>
    <ClInclude Include="base64.h">
      <Filter>头文件</Filter>
    </ClInclude>
    <ClInclude Include="fastcgi.h">
      <Filter>头文件</Filter>
    </ClInclude>
    <ClInclude Include="fcgi.h">
      <Filter>头文件</Filter>
    </ClInclude>
    <ClInclude Include="config.h">
      <Filter>头文件</Filter>
    </ClInclude>
  </ItemGroup>
</Project>