
Microsoft Visual Studio Solution File, Format Version 12.00
# Visual Studio 15
VisualStudioVersion = 15.0.28307.1433
MinimumVisualStudioVersion = 10.0.40219.1
Project("{8BC9CEB8-8B4A-11D0-8D11-00A0C91BC942}") = "cppwebserver", "cppwebserver\cppwebserver.vcxproj", "{627D0F71-980A-4BA8-BA29-DB4200426B51}"
EndProject
Global
	GlobalSection(SolutionConfigurationPlatforms) = preSolution
		Debug|x64 = Debug|x64
		Debug|x86 = Debug|x86
		Release|x64 = Release|x64
		Release|x86 = Release|x86
	EndGlobalSection
	GlobalSection(ProjectConfigurationPlatforms) = postSolution
		{627D0F71-980A-4BA8-BA29-DB4200426B51}.Debug|x64.ActiveCfg = Debug|x64
		{627D0F71-980A-4BA8-BA29-DB4200426B51}.Debug|x64.Build.0 = Debug|x64
		{627D0F71-980A-4BA8-BA29-DB4200426B51}.Debug|x86.ActiveCfg = Debug|Win32
		{627D0F71-980A-4BA8-BA29-DB4200426B51}.Debug|x86.Build.0 = Debug|Win32
		{627D0F71-980A-4BA8-BA29-DB4200426B51}.Release|x64.ActiveCfg = Release|x64
		{627D0F71-980A-4BA8-BA29-DB4200426B51}.Release|x64.Build.0 = Release|x64
		{627D0F71-980A-4BA8-BA29-DB4200426B51}.Release|x86.ActiveCfg = Release|Win32
		{627D0F71-980A-4BA8-BA29-DB4200426B51}.Release|x86.Build.0 = Release|Win32
	EndGlobalSection
	GlobalSection(SolutionProperties) = preSolution
		HideSolutionNode = FALSE
	EndGlobalSection
	GlobalSection(ExtensibilityGlobals) = postSolution
		SolutionGuid = {A761F8DD-08F4-44B8-93A8-DCE6B13D0D1C}
	EndGlobalSection
EndGlobal
